
Microsoft Visual Studio Solution File, Format Version 12.00
# Visual Studio Version 17
VisualStudioVersion = 17.5.002.0
MinimumVisualStudioVersion = 10.0.40219.1
Project("{9A19103F-16F7-4668-BE54-9A1E7A4F7556}") = "ClientApp", "ClientApp\ClientApp.csproj", "{C36DFBCB-6264-4335-A039-87E56EB3D74F}"
EndProject
Project("{9A19103F-16F7-4668-BE54-9A1E7A4F7556}") = "Server", "Server\Server.csproj", "{C2AE5B18-2E71-47E4-8E94-0C6046DB4920}"
EndProject
Global
	GlobalSection(SolutionConfigurationPlatforms) = preSolution
		Debug|Any CPU = Debug|Any CPU
		Release|Any CPU = Release|Any CPU
	EndGlobalSection
	GlobalSection(ProjectConfigurationPlatforms) = postSolution
		{C36DFBCB-6264-4335-A039-87E56EB3D74F}.Debug|Any CPU.ActiveCfg = Debug|Any CPU
		{C36DFBCB-6264-4335-A039-87E56EB3D74F}.Debug|Any CPU.Build.0 = Debug|Any CPU
		{C36DFBCB-6264-4335-A039-87E56EB3D74F}.Release|Any CPU.ActiveCfg = Release|Any CPU
		{C36DFBCB-6264-4335-A039-87E56EB3D74F}.Release|Any CPU.Build.0 = Release|Any CPU
		{C2AE5B18-2E71-47E4-8E94-0C6046DB4920}.Debug|Any CPU.ActiveCfg = Debug|Any CPU
		{C2AE5B18-2E71-47E4-8E94-0C6046DB4920}.Debug|Any CPU.Build.0 = Debug|Any CPU
		{C2AE5B18-2E71-47E4-8E94-0C6046DB4920}.Release|Any CPU.ActiveCfg = Release|Any CPU
		{C2AE5B18-2E71-47E4-8E94-0C6046DB4920}.Release|Any CPU.Build.0 = Release|Any CPU
	EndGlobalSection
	GlobalSection(SolutionProperties) = preSolution
		HideSolutionNode = FALSE
	EndGlobalSection
	GlobalSection(ExtensibilityGlobals) = postSolution
		SolutionGuid = {0DCC3EFF-B1E5-46FD-A0E5-70544022B36E}
	EndGlobalSection
EndGlobal
